
Microsoft Visual Studio Solution File, Format Version 12.00
# Visual Studio 14
VisualStudioVersion = 14.0.24720.0
MinimumVisualStudioVersion = 10.0.40219.1
Project("{FAE04EC0-301F-11D3-BF4B-00C04F79EFBC}") = "NMEADecoder", "NMEADecoder\NMEADecoder.csproj", "{17F0A9E3-E7CD-4696-AA57-39B647873CA5}"
EndProject
Project("{FAE04EC0-301F-11D3-BF4B-00C04F79EFBC}") = "NMEADecoder_Tests", "NMEADecoder_Tests\NMEADecoder_Tests.csproj", "{067456C0-086C-46A8-B37F-1405717B7BFC}"
EndProject
Project("{FAE04EC0-301F-11D3-BF4B-00C04F79EFBC}") = "Serial Listener", "Serial Listener\Serial Listener.csproj", "{31764810-5BD7-4735-8378-9D5A89E33E3E}"
EndProject
Project("{FAE04EC0-301F-11D3-BF4B-00C04F79EFBC}") = "Serial Listener Tester", "Serial Listener Tester\Serial Listener Tester.csproj", "{8C5E4810-F533-4995-AC63-A81C5CE264E4}"
EndProject
Global
	GlobalSection(SolutionConfigurationPlatforms) = preSolution
		Debug|Any CPU = Debug|Any CPU
		Release|Any CPU = Release|Any CPU
	EndGlobalSection
	GlobalSection(ProjectConfigurationPlatforms) = postSolution
		{17F0A9E3-E7CD-4696-AA57-39B647873CA5}.Debug|Any CPU.ActiveCfg = Debug|Any CPU
		{17F0A9E3-E7CD-4696-AA57-39B647873CA5}.Debug|Any CPU.Build.0 = Debug|Any CPU
		{17F0A9E3-E7CD-4696-AA57-39B647873CA5}.Release|Any CPU.ActiveCfg = Release|Any CPU
		{17F0A9E3-E7CD-4696-AA57-39B647873CA5}.Release|Any CPU.Build.0 = Release|Any CPU
		{067456C0-086C-46A8-B37F-1405717B7BFC}.Debug|Any CPU.ActiveCfg = Debug|Any CPU
		{067456C0-086C-46A8-B37F-1405717B7BFC}.Debug|Any CPU.Build.0 = Debug|Any CPU
		{067456C0-086C-46A8-B37F-1405717B7BFC}.Release|Any CPU.ActiveCfg = Release|Any CPU
		{067456C0-086C-46A8-B37F-1405717B7BFC}.Release|Any CPU.Build.0 = Release|Any CPU
		{31764810-5BD7-4735-8378-9D5A89E33E3E}.Debug|Any CPU.ActiveCfg = Debug|Any CPU
		{31764810-5BD7-4735-8378-9D5A89E33E3E}.Debug|Any CPU.Build.0 = Debug|Any CPU
		{31764810-5BD7-4735-8378-9D5A89E33E3E}.Release|Any CPU.ActiveCfg = Release|Any CPU
		{31764810-5BD7-4735-8378-9D5A89E33E3E}.Release|Any CPU.Build.0 = Release|Any CPU
		{8C5E4810-F533-4995-AC63-A81C5CE264E4}.Debug|Any CPU.ActiveCfg = Debug|Any CPU
		{8C5E4810-F533-4995-AC63-A81C5CE264E4}.Debug|Any CPU.Build.0 = Debug|Any CPU
		{8C5E4810-F533-4995-AC63-A81C5CE264E4}.Release|Any CPU.ActiveCfg = Release|Any CPU
		{8C5E4810-F533-4995-AC63-A81C5CE264E4}.Release|Any CPU.Build.0 = Release|Any CPU
	EndGlobalSection
	GlobalSection(SolutionProperties) = preSolution
		HideSolutionNode = FALSE
	EndGlobalSection
	GlobalSection(MonoDevelopProperties) = preSolution
		StartupItem = NeamDecoder\NMEADecoder.csproj
	EndGlobalSection
EndGlobal
