
Microsoft Visual Studio Solution File, Format Version 12.00
# Visual Studio 14
VisualStudioVersion = 14.0.24720.0
MinimumVisualStudioVersion = 10.0.40219.1
Project("{FAE04EC0-301F-11D3-BF4B-00C04F79EFBC}") = "NMEADecoder", "Decoder\NMEADecoder\NMEADecoder.csproj", "{17F0A9E3-E7CD-4696-AA57-39B647873CA5}"
EndProject
Project("{FAE04EC0-301F-11D3-BF4B-00C04F79EFBC}") = "NMEADecoder_Tests", "Decoder\NMEADecoder_Tests\NMEADecoder_Tests.csproj", "{067456C0-086C-46A8-B37F-1405717B7BFC}"
EndProject
Project("{FAE04EC0-301F-11D3-BF4B-00C04F79EFBC}") = "Serial Listener", "Serial\Serial Listener\Serial Listener.csproj", "{31764810-5BD7-4735-8378-9D5A89E33E3E}"
EndProject
Project("{FAE04EC0-301F-11D3-BF4B-00C04F79EFBC}") = "Serial Listener Tester", "Serial\Serial Listener Tester\Serial Listener Tester.csproj", "{8C5E4810-F533-4995-AC63-A81C5CE264E4}"
EndProject
Project("{FAE04EC0-301F-11D3-BF4B-00C04F79EFBC}") = "GPS DataLogger", "Logger\GPS DataLogger\GPS DataLogger.csproj", "{DDD305C5-BA39-4D4E-91CE-A3720F587381}"
EndProject
Project("{2150E333-8FDC-42A3-9474-1A3956D46DE8}") = "Decoder", "Decoder", "{D9FA6864-FE2A-4B78-AFAF-EFCDBA120827}"
EndProject
Project("{2150E333-8FDC-42A3-9474-1A3956D46DE8}") = "Logger", "Logger", "{6BBACDED-CC5F-431C-ABA7-76CF594AAE40}"
EndProject
Project("{2150E333-8FDC-42A3-9474-1A3956D46DE8}") = "Serial", "Serial", "{F3CF2B8E-42EC-4A20-830C-A2954BE41582}"
EndProject
Project("{FAE04EC0-301F-11D3-BF4B-00C04F79EFBC}") = "Loggable Serial Listener", "Logger\Loggable Serial Listener\Loggable Serial Listener.csproj", "{BA1CA4D7-9D8A-4D89-B453-BCC4186152CF}"
EndProject
Project("{FAE04EC0-301F-11D3-BF4B-00C04F79EFBC}") = "WPFLoggerDemo", "Logger\WPFLoggerDemo\WPFLoggerDemo.csproj", "{5BAE80A0-2471-427C-8089-295DE3A54F48}"
EndProject
Project("{2150E333-8FDC-42A3-9474-1A3956D46DE8}") = "Logging Targets", "Logging Targets", "{4E4BC4AC-805F-42F4-B525-A58133557236}"
EndProject
Project("{FAE04EC0-301F-11D3-BF4B-00C04F79EFBC}") = "GPS Data Logger Tests", "Logger\GPS Data Logger Tests\GPS Data Logger Tests.csproj", "{01B918A3-682D-4149-A68B-68093730C8EF}"
EndProject
Global
	GlobalSection(SolutionConfigurationPlatforms) = preSolution
		Debug|Any CPU = Debug|Any CPU
		Debug|x64 = Debug|x64
		Release|Any CPU = Release|Any CPU
		Release|x64 = Release|x64
	EndGlobalSection
	GlobalSection(ProjectConfigurationPlatforms) = postSolution
		{17F0A9E3-E7CD-4696-AA57-39B647873CA5}.Debug|Any CPU.ActiveCfg = Debug|Any CPU
		{17F0A9E3-E7CD-4696-AA57-39B647873CA5}.Debug|Any CPU.Build.0 = Debug|Any CPU
		{17F0A9E3-E7CD-4696-AA57-39B647873CA5}.Debug|x64.ActiveCfg = Debug|Any CPU
		{17F0A9E3-E7CD-4696-AA57-39B647873CA5}.Debug|x64.Build.0 = Debug|Any CPU
		{17F0A9E3-E7CD-4696-AA57-39B647873CA5}.Release|Any CPU.ActiveCfg = Release|Any CPU
		{17F0A9E3-E7CD-4696-AA57-39B647873CA5}.Release|Any CPU.Build.0 = Release|Any CPU
		{17F0A9E3-E7CD-4696-AA57-39B647873CA5}.Release|x64.ActiveCfg = Release|Any CPU
		{17F0A9E3-E7CD-4696-AA57-39B647873CA5}.Release|x64.Build.0 = Release|Any CPU
		{067456C0-086C-46A8-B37F-1405717B7BFC}.Debug|Any CPU.ActiveCfg = Debug|Any CPU
		{067456C0-086C-46A8-B37F-1405717B7BFC}.Debug|Any CPU.Build.0 = Debug|Any CPU
		{067456C0-086C-46A8-B37F-1405717B7BFC}.Debug|x64.ActiveCfg = Debug|Any CPU
		{067456C0-086C-46A8-B37F-1405717B7BFC}.Debug|x64.Build.0 = Debug|Any CPU
		{067456C0-086C-46A8-B37F-1405717B7BFC}.Release|Any CPU.ActiveCfg = Release|Any CPU
		{067456C0-086C-46A8-B37F-1405717B7BFC}.Release|Any CPU.Build.0 = Release|Any CPU
		{067456C0-086C-46A8-B37F-1405717B7BFC}.Release|x64.ActiveCfg = Release|Any CPU
		{067456C0-086C-46A8-B37F-1405717B7BFC}.Release|x64.Build.0 = Release|Any CPU
		{31764810-5BD7-4735-8378-9D5A89E33E3E}.Debug|Any CPU.ActiveCfg = Debug|Any CPU
		{31764810-5BD7-4735-8378-9D5A89E33E3E}.Debug|Any CPU.Build.0 = Debug|Any CPU
		{31764810-5BD7-4735-8378-9D5A89E33E3E}.Debug|x64.ActiveCfg = Debug|Any CPU
		{31764810-5BD7-4735-8378-9D5A89E33E3E}.Debug|x64.Build.0 = Debug|Any CPU
		{31764810-5BD7-4735-8378-9D5A89E33E3E}.Release|Any CPU.ActiveCfg = Release|Any CPU
		{31764810-5BD7-4735-8378-9D5A89E33E3E}.Release|Any CPU.Build.0 = Release|Any CPU
		{31764810-5BD7-4735-8378-9D5A89E33E3E}.Release|x64.ActiveCfg = Release|Any CPU
		{31764810-5BD7-4735-8378-9D5A89E33E3E}.Release|x64.Build.0 = Release|Any CPU
		{8C5E4810-F533-4995-AC63-A81C5CE264E4}.Debug|Any CPU.ActiveCfg = Debug|Any CPU
		{8C5E4810-F533-4995-AC63-A81C5CE264E4}.Debug|Any CPU.Build.0 = Debug|Any CPU
		{8C5E4810-F533-4995-AC63-A81C5CE264E4}.Debug|x64.ActiveCfg = Debug|Any CPU
		{8C5E4810-F533-4995-AC63-A81C5CE264E4}.Debug|x64.Build.0 = Debug|Any CPU
		{8C5E4810-F533-4995-AC63-A81C5CE264E4}.Release|Any CPU.ActiveCfg = Release|Any CPU
		{8C5E4810-F533-4995-AC63-A81C5CE264E4}.Release|Any CPU.Build.0 = Release|Any CPU
		{8C5E4810-F533-4995-AC63-A81C5CE264E4}.Release|x64.ActiveCfg = Release|Any CPU
		{8C5E4810-F533-4995-AC63-A81C5CE264E4}.Release|x64.Build.0 = Release|Any CPU
		{DDD305C5-BA39-4D4E-91CE-A3720F587381}.Debug|Any CPU.ActiveCfg = Debug|Any CPU
		{DDD305C5-BA39-4D4E-91CE-A3720F587381}.Debug|Any CPU.Build.0 = Debug|Any CPU
		{DDD305C5-BA39-4D4E-91CE-A3720F587381}.Debug|x64.ActiveCfg = Debug|Any CPU
		{DDD305C5-BA39-4D4E-91CE-A3720F587381}.Debug|x64.Build.0 = Debug|Any CPU
		{DDD305C5-BA39-4D4E-91CE-A3720F587381}.Release|Any CPU.ActiveCfg = Release|Any CPU
		{DDD305C5-BA39-4D4E-91CE-A3720F587381}.Release|Any CPU.Build.0 = Release|Any CPU
		{DDD305C5-BA39-4D4E-91CE-A3720F587381}.Release|x64.ActiveCfg = Release|Any CPU
		{DDD305C5-BA39-4D4E-91CE-A3720F587381}.Release|x64.Build.0 = Release|Any CPU
		{BA1CA4D7-9D8A-4D89-B453-BCC4186152CF}.Debug|Any CPU.ActiveCfg = Debug|Any CPU
		{BA1CA4D7-9D8A-4D89-B453-BCC4186152CF}.Debug|Any CPU.Build.0 = Debug|Any CPU
		{BA1CA4D7-9D8A-4D89-B453-BCC4186152CF}.Debug|x64.ActiveCfg = Debug|Any CPU
		{BA1CA4D7-9D8A-4D89-B453-BCC4186152CF}.Debug|x64.Build.0 = Debug|Any CPU
		{BA1CA4D7-9D8A-4D89-B453-BCC4186152CF}.Release|Any CPU.ActiveCfg = Release|Any CPU
		{BA1CA4D7-9D8A-4D89-B453-BCC4186152CF}.Release|Any CPU.Build.0 = Release|Any CPU
		{BA1CA4D7-9D8A-4D89-B453-BCC4186152CF}.Release|x64.ActiveCfg = Release|Any CPU
		{BA1CA4D7-9D8A-4D89-B453-BCC4186152CF}.Release|x64.Build.0 = Release|Any CPU
		{5BAE80A0-2471-427C-8089-295DE3A54F48}.Debug|Any CPU.ActiveCfg = Debug|Any CPU
		{5BAE80A0-2471-427C-8089-295DE3A54F48}.Debug|Any CPU.Build.0 = Debug|Any CPU
		{5BAE80A0-2471-427C-8089-295DE3A54F48}.Debug|x64.ActiveCfg = Debug|x64
		{5BAE80A0-2471-427C-8089-295DE3A54F48}.Debug|x64.Build.0 = Debug|x64
		{5BAE80A0-2471-427C-8089-295DE3A54F48}.Release|Any CPU.ActiveCfg = Release|Any CPU
		{5BAE80A0-2471-427C-8089-295DE3A54F48}.Release|Any CPU.Build.0 = Release|Any CPU
		{5BAE80A0-2471-427C-8089-295DE3A54F48}.Release|x64.ActiveCfg = Release|x64
		{5BAE80A0-2471-427C-8089-295DE3A54F48}.Release|x64.Build.0 = Release|x64
		{01B918A3-682D-4149-A68B-68093730C8EF}.Debug|Any CPU.ActiveCfg = Debug|Any CPU
		{01B918A3-682D-4149-A68B-68093730C8EF}.Debug|Any CPU.Build.0 = Debug|Any CPU
		{01B918A3-682D-4149-A68B-68093730C8EF}.Debug|x64.ActiveCfg = Debug|Any CPU
		{01B918A3-682D-4149-A68B-68093730C8EF}.Debug|x64.Build.0 = Debug|Any CPU
		{01B918A3-682D-4149-A68B-68093730C8EF}.Release|Any CPU.ActiveCfg = Release|Any CPU
		{01B918A3-682D-4149-A68B-68093730C8EF}.Release|Any CPU.Build.0 = Release|Any CPU
		{01B918A3-682D-4149-A68B-68093730C8EF}.Release|x64.ActiveCfg = Release|Any CPU
		{01B918A3-682D-4149-A68B-68093730C8EF}.Release|x64.Build.0 = Release|Any CPU
	EndGlobalSection
	GlobalSection(SolutionProperties) = preSolution
		HideSolutionNode = FALSE
	EndGlobalSection
	GlobalSection(NestedProjects) = preSolution
		{17F0A9E3-E7CD-4696-AA57-39B647873CA5} = {D9FA6864-FE2A-4B78-AFAF-EFCDBA120827}
		{067456C0-086C-46A8-B37F-1405717B7BFC} = {D9FA6864-FE2A-4B78-AFAF-EFCDBA120827}
		{31764810-5BD7-4735-8378-9D5A89E33E3E} = {F3CF2B8E-42EC-4A20-830C-A2954BE41582}
		{8C5E4810-F533-4995-AC63-A81C5CE264E4} = {F3CF2B8E-42EC-4A20-830C-A2954BE41582}
		{DDD305C5-BA39-4D4E-91CE-A3720F587381} = {6BBACDED-CC5F-431C-ABA7-76CF594AAE40}
		{F3CF2B8E-42EC-4A20-830C-A2954BE41582} = {6BBACDED-CC5F-431C-ABA7-76CF594AAE40}
		{BA1CA4D7-9D8A-4D89-B453-BCC4186152CF} = {F3CF2B8E-42EC-4A20-830C-A2954BE41582}
		{5BAE80A0-2471-427C-8089-295DE3A54F48} = {6BBACDED-CC5F-431C-ABA7-76CF594AAE40}
		{4E4BC4AC-805F-42F4-B525-A58133557236} = {6BBACDED-CC5F-431C-ABA7-76CF594AAE40}
		{01B918A3-682D-4149-A68B-68093730C8EF} = {6BBACDED-CC5F-431C-ABA7-76CF594AAE40}
	EndGlobalSection
	GlobalSection(MonoDevelopProperties) = preSolution
		StartupItem = NeamDecoder\NMEADecoder.csproj
	EndGlobalSection
EndGlobal
